
Microsoft Visual Studio Solution File, Format Version 12.00
# Visual Studio Version 17
VisualStudioVersion = 17.3.32825.248
MinimumVisualStudioVersion = 10.0.40219.1
Project("{9A19103F-16F7-4668-BE54-9A1E7A4F7556}") = "IdentifierGeneratorTest", "IdentifierGeneratorTest\IdentifierGeneratorTest.csproj", "{487E65DA-212E-41C8-9F15-6AFA79DA5ACD}"
EndProject
Project("{FAE04EC0-301F-11D3-BF4B-00C04F79EFBC}") = "Tests", "Tests\Tests.csproj", "{6D6A01D7-FCFA-4BF7-9E72-388059F17D42}"
EndProject
Global
	GlobalSection(SolutionConfigurationPlatforms) = preSolution
		Debug|Any CPU = Debug|Any CPU
		Release|Any CPU = Release|Any CPU
	EndGlobalSection
	GlobalSection(ProjectConfigurationPlatforms) = postSolution
		{487E65DA-212E-41C8-9F15-6AFA79DA5ACD}.Debug|Any CPU.ActiveCfg = Debug|Any CPU
		{487E65DA-212E-41C8-9F15-6AFA79DA5ACD}.Debug|Any CPU.Build.0 = Debug|Any CPU
		{487E65DA-212E-41C8-9F15-6AFA79DA5ACD}.Release|Any CPU.ActiveCfg = Release|Any CPU
		{487E65DA-212E-41C8-9F15-6AFA79DA5ACD}.Release|Any CPU.Build.0 = Release|Any CPU
		{6D6A01D7-FCFA-4BF7-9E72-388059F17D42}.Debug|Any CPU.ActiveCfg = Debug|Any CPU
		{6D6A01D7-FCFA-4BF7-9E72-388059F17D42}.Debug|Any CPU.Build.0 = Debug|Any CPU
		{6D6A01D7-FCFA-4BF7-9E72-388059F17D42}.Release|Any CPU.ActiveCfg = Release|Any CPU
		{6D6A01D7-FCFA-4BF7-9E72-388059F17D42}.Release|Any CPU.Build.0 = Release|Any CPU
	EndGlobalSection
	GlobalSection(SolutionProperties) = preSolution
		HideSolutionNode = FALSE
	EndGlobalSection
	GlobalSection(ExtensibilityGlobals) = postSolution
		SolutionGuid = {F348A51A-38A6-48FF-BAED-9D4ACC6C7869}
	EndGlobalSection
EndGlobal
